
Microsoft Visual Studio Solution File, Format Version 11.00
# Visual Studio 2010
Project("{FAE04EC0-301F-11D3-BF4B-00C04F79EFBC}") = "prjParcela", "prjParcela\prjParcela.csproj", "{FED2B71B-85FB-4632-AC09-3AF7BDF785AA}"
EndProject
Global
	GlobalSection(SolutionConfigurationPlatforms) = preSolution
		Debug|x86 = Debug|x86
		Release|x86 = Release|x86
	EndGlobalSection
	GlobalSection(ProjectConfigurationPlatforms) = postSolution
		{FED2B71B-85FB-4632-AC09-3AF7BDF785AA}.Debug|x86.ActiveCfg = Debug|x86
		{FED2B71B-85FB-4632-AC09-3AF7BDF785AA}.Debug|x86.Build.0 = Debug|x86
		{FED2B71B-85FB-4632-AC09-3AF7BDF785AA}.Release|x86.ActiveCfg = Release|x86
		{FED2B71B-85FB-4632-AC09-3AF7BDF785AA}.Release|x86.Build.0 = Release|x86
	EndGlobalSection
	GlobalSection(SolutionProperties) = preSolution
		HideSolutionNode = FALSE
	EndGlobalSection
EndGlobal
