
Microsoft Visual Studio Solution File, Format Version 11.00
# Visual C# Express 2010
Project("{FAE04EC0-301F-11D3-BF4B-00C04F79EFBC}") = "UI", "EF4_Crud_DAL\UI.csproj", "{9935FAEE-405E-405F-818C-5A235198A466}"
	ProjectSection(ProjectDependencies) = postProject
		{8E4F6E3A-A6DA-44CC-B190-33A7D95E61EF} = {8E4F6E3A-A6DA-44CC-B190-33A7D95E61EF}
	EndProjectSection
EndProject
Project("{FAE04EC0-301F-11D3-BF4B-00C04F79EFBC}") = "DAL", "UI\DAL.csproj", "{8E4F6E3A-A6DA-44CC-B190-33A7D95E61EF}"
EndProject
Global
	GlobalSection(SolutionConfigurationPlatforms) = preSolution
		Debug|Any CPU = Debug|Any CPU
		Debug|Mixed Platforms = Debug|Mixed Platforms
		Debug|x86 = Debug|x86
		Release|Any CPU = Release|Any CPU
		Release|Mixed Platforms = Release|Mixed Platforms
		Release|x86 = Release|x86
	EndGlobalSection
	GlobalSection(ProjectConfigurationPlatforms) = postSolution
		{9935FAEE-405E-405F-818C-5A235198A466}.Debug|Any CPU.ActiveCfg = Debug|x86
		{9935FAEE-405E-405F-818C-5A235198A466}.Debug|Mixed Platforms.ActiveCfg = Debug|x86
		{9935FAEE-405E-405F-818C-5A235198A466}.Debug|Mixed Platforms.Build.0 = Debug|x86
		{9935FAEE-405E-405F-818C-5A235198A466}.Debug|x86.ActiveCfg = Debug|x86
		{9935FAEE-405E-405F-818C-5A235198A466}.Debug|x86.Build.0 = Debug|x86
		{9935FAEE-405E-405F-818C-5A235198A466}.Release|Any CPU.ActiveCfg = Release|x86
		{9935FAEE-405E-405F-818C-5A235198A466}.Release|Mixed Platforms.ActiveCfg = Release|x86
		{9935FAEE-405E-405F-818C-5A235198A466}.Release|Mixed Platforms.Build.0 = Release|x86
		{9935FAEE-405E-405F-818C-5A235198A466}.Release|x86.ActiveCfg = Release|x86
		{9935FAEE-405E-405F-818C-5A235198A466}.Release|x86.Build.0 = Release|x86
		{8E4F6E3A-A6DA-44CC-B190-33A7D95E61EF}.Debug|Any CPU.ActiveCfg = Debug|Any CPU
		{8E4F6E3A-A6DA-44CC-B190-33A7D95E61EF}.Debug|Any CPU.Build.0 = Debug|Any CPU
		{8E4F6E3A-A6DA-44CC-B190-33A7D95E61EF}.Debug|Mixed Platforms.ActiveCfg = Debug|Any CPU
		{8E4F6E3A-A6DA-44CC-B190-33A7D95E61EF}.Debug|Mixed Platforms.Build.0 = Debug|Any CPU
		{8E4F6E3A-A6DA-44CC-B190-33A7D95E61EF}.Debug|x86.ActiveCfg = Debug|Any CPU
		{8E4F6E3A-A6DA-44CC-B190-33A7D95E61EF}.Release|Any CPU.ActiveCfg = Release|Any CPU
		{8E4F6E3A-A6DA-44CC-B190-33A7D95E61EF}.Release|Any CPU.Build.0 = Release|Any CPU
		{8E4F6E3A-A6DA-44CC-B190-33A7D95E61EF}.Release|Mixed Platforms.ActiveCfg = Release|Any CPU
		{8E4F6E3A-A6DA-44CC-B190-33A7D95E61EF}.Release|Mixed Platforms.Build.0 = Release|Any CPU
		{8E4F6E3A-A6DA-44CC-B190-33A7D95E61EF}.Release|x86.ActiveCfg = Release|Any CPU
	EndGlobalSection
	GlobalSection(SolutionProperties) = preSolution
		HideSolutionNode = FALSE
	EndGlobalSection
EndGlobal
